
Microsoft Visual Studio Solution File, Format Version 12.00
# Visual Studio Version 17
VisualStudioVersion = 17.0.31903.59
MinimumVisualStudioVersion = 10.0.40219.1
Project("{FAE04EC0-301F-11D3-BF4B-00C04F79EFBC}") = "StoreApp", "StoreApp\StoreApp.csproj", "{6AF03DBB-32E9-44C9-B96E-4CCC796E7413}"
EndProject
Project("{FAE04EC0-301F-11D3-BF4B-00C04F79EFBC}") = "Entities", "Entities\Entities.csproj", "{908169A2-8F3B-4CAB-94CC-BBC439D20DDB}"
EndProject
Project("{FAE04EC0-301F-11D3-BF4B-00C04F79EFBC}") = "Repositories", "Repositories\Repositories.csproj", "{16C1C1AD-5F46-4339-A07F-0B3BA46AED00}"
EndProject
Global
	GlobalSection(SolutionConfigurationPlatforms) = preSolution
		Debug|Any CPU = Debug|Any CPU
		Release|Any CPU = Release|Any CPU
	EndGlobalSection
	GlobalSection(SolutionProperties) = preSolution
		HideSolutionNode = FALSE
	EndGlobalSection
	GlobalSection(ProjectConfigurationPlatforms) = postSolution
		{6AF03DBB-32E9-44C9-B96E-4CCC796E7413}.Debug|Any CPU.ActiveCfg = Debug|Any CPU
		{6AF03DBB-32E9-44C9-B96E-4CCC796E7413}.Debug|Any CPU.Build.0 = Debug|Any CPU
		{6AF03DBB-32E9-44C9-B96E-4CCC796E7413}.Release|Any CPU.ActiveCfg = Release|Any CPU
		{6AF03DBB-32E9-44C9-B96E-4CCC796E7413}.Release|Any CPU.Build.0 = Release|Any CPU
		{908169A2-8F3B-4CAB-94CC-BBC439D20DDB}.Debug|Any CPU.ActiveCfg = Debug|Any CPU
		{908169A2-8F3B-4CAB-94CC-BBC439D20DDB}.Debug|Any CPU.Build.0 = Debug|Any CPU
		{908169A2-8F3B-4CAB-94CC-BBC439D20DDB}.Release|Any CPU.ActiveCfg = Release|Any CPU
		{908169A2-8F3B-4CAB-94CC-BBC439D20DDB}.Release|Any CPU.Build.0 = Release|Any CPU
		{16C1C1AD-5F46-4339-A07F-0B3BA46AED00}.Debug|Any CPU.ActiveCfg = Debug|Any CPU
		{16C1C1AD-5F46-4339-A07F-0B3BA46AED00}.Debug|Any CPU.Build.0 = Debug|Any CPU
		{16C1C1AD-5F46-4339-A07F-0B3BA46AED00}.Release|Any CPU.ActiveCfg = Release|Any CPU
		{16C1C1AD-5F46-4339-A07F-0B3BA46AED00}.Release|Any CPU.Build.0 = Release|Any CPU
	EndGlobalSection
EndGlobal
